// !$*UTF8*$!
{
	archiveVersion = 1;
	classes = {
	};
	objectVersion = 50;
	objects = {

/* Begin PBXBuildFile section */
		5A03518420EBD54A001343E9 /* ConnectivityManager.swift in Sources */ = {isa = PBXBuildFile; fileRef = 5A03518320EBD54A001343E9 /* ConnectivityManager.swift */; };
		5A03518920EBD9DF001343E9 /* ConnectivityManager.swift in Sources */ = {isa = PBXBuildFile; fileRef = 5A03518320EBD54A001343E9 /* ConnectivityManager.swift */; };
		5A13D80920FD798100CCEBD5 /* ListInteractor.swift in Sources */ = {isa = PBXBuildFile; fileRef = 5A13D80820FD798100CCEBD5 /* ListInteractor.swift */; };
		5A13D80D20FD7A4D00CCEBD5 /* Motion.swift in Sources */ = {isa = PBXBuildFile; fileRef = 5A13D80C20FD7A4D00CCEBD5 /* Motion.swift */; };
		5A13D80F20FE32C200CCEBD5 /* MotionManager.swift in Sources */ = {isa = PBXBuildFile; fileRef = 5AA8196B20EB04F4008829CF /* MotionManager.swift */; };
		5A13D81120FE330100CCEBD5 /* CMDeviceMotion+DictionaryValue.swift in Sources */ = {isa = PBXBuildFile; fileRef = 5A03518D20EC04DC001343E9 /* CMDeviceMotion+DictionaryValue.swift */; };
		5A13D81320FE336D00CCEBD5 /* ListInteractorIO.swift in Sources */ = {isa = PBXBuildFile; fileRef = 5A13D81220FE336D00CCEBD5 /* ListInteractorIO.swift */; };
		5A13D81420FE3E9B00CCEBD5 /* CMDeviceMotion+DictionaryValue.swift in Sources */ = {isa = PBXBuildFile; fileRef = 5A03518D20EC04DC001343E9 /* CMDeviceMotion+DictionaryValue.swift */; };
		5A13D81520FE3E9D00CCEBD5 /* Motion.swift in Sources */ = {isa = PBXBuildFile; fileRef = 5A13D80C20FD7A4D00CCEBD5 /* Motion.swift */; };
		5A5089612100D47800A11DD1 /* ListViewInterface.swift in Sources */ = {isa = PBXBuildFile; fileRef = 5A5089602100D47800A11DD1 /* ListViewInterface.swift */; };
		5A5089642100D5FE00A11DD1 /* ListModuleInterface.swift in Sources */ = {isa = PBXBuildFile; fileRef = 5A5089632100D5FE00A11DD1 /* ListModuleInterface.swift */; };
		5A5089652100DDB000A11DD1 /* Info.plist in Resources */ = {isa = PBXBuildFile; fileRef = 5AA8192F20EB0328008829CF /* Info.plist */; };
		5A87FDF420FF8CFF0011B20F /* AppDependencies.swift in Sources */ = {isa = PBXBuildFile; fileRef = 5A87FDF320FF8CFE0011B20F /* AppDependencies.swift */; };
		5A87FDFA20FF98E50011B20F /* ListPresenter.swift in Sources */ = {isa = PBXBuildFile; fileRef = 5A87FDF920FF98E50011B20F /* ListPresenter.swift */; };
		5A87FDFC20FF99150011B20F /* ListWireframe.swift in Sources */ = {isa = PBXBuildFile; fileRef = 5A87FDFB20FF99150011B20F /* ListWireframe.swift */; };
		5A87FDFE20FF99200011B20F /* ListViewController.swift in Sources */ = {isa = PBXBuildFile; fileRef = 5A87FDFD20FF99200011B20F /* ListViewController.swift */; };
		5A87FE0320FF9EA40011B20F /* RootWireframe.swift in Sources */ = {isa = PBXBuildFile; fileRef = 5A87FE0220FF9EA40011B20F /* RootWireframe.swift */; };
		5AA8192420EB0327008829CF /* AppDelegate.swift in Sources */ = {isa = PBXBuildFile; fileRef = 5AA8192320EB0327008829CF /* AppDelegate.swift */; };
		5AA8192920EB0327008829CF /* Main.storyboard in Resources */ = {isa = PBXBuildFile; fileRef = 5AA8192720EB0327008829CF /* Main.storyboard */; };
		5AA8192B20EB0328008829CF /* Assets.xcassets in Resources */ = {isa = PBXBuildFile; fileRef = 5AA8192A20EB0328008829CF /* Assets.xcassets */; };
		5AA8192E20EB0328008829CF /* LaunchScreen.storyboard in Resources */ = {isa = PBXBuildFile; fileRef = 5AA8192C20EB0328008829CF /* LaunchScreen.storyboard */; };
		5AA8193920EB0328008829CF /* CoMotionTests.swift in Sources */ = {isa = PBXBuildFile; fileRef = 5AA8193820EB0328008829CF /* CoMotionTests.swift */; };
		5AA8193E20EB0328008829CF /* CoMotion WatchKit App.app in Embed Watch Content */ = {isa = PBXBuildFile; fileRef = 5AA8193D20EB0328008829CF /* CoMotion WatchKit App.app */; };
		5AA8194420EB0328008829CF /* Interface.storyboard in Resources */ = {isa = PBXBuildFile; fileRef = 5AA8194220EB0328008829CF /* Interface.storyboard */; };
		5AA8194620EB0328008829CF /* Assets.xcassets in Resources */ = {isa = PBXBuildFile; fileRef = 5AA8194520EB0328008829CF /* Assets.xcassets */; };
		5AA8194D20EB0329008829CF /* CoMotion WatchKit Extension.appex in Embed App Extensions */ = {isa = PBXBuildFile; fileRef = 5AA8194C20EB0329008829CF /* CoMotion WatchKit Extension.appex */; settings = {ATTRIBUTES = (RemoveHeadersOnCopy, ); }; };
		5AA8195220EB0329008829CF /* InterfaceController.swift in Sources */ = {isa = PBXBuildFile; fileRef = 5AA8195120EB0329008829CF /* InterfaceController.swift */; };
		5AA8195420EB0329008829CF /* ExtensionDelegate.swift in Sources */ = {isa = PBXBuildFile; fileRef = 5AA8195320EB0329008829CF /* ExtensionDelegate.swift */; };
		5AA8195620EB0329008829CF /* NotificationController.swift in Sources */ = {isa = PBXBuildFile; fileRef = 5AA8195520EB0329008829CF /* NotificationController.swift */; };
		5AA8195820EB0329008829CF /* Assets.xcassets in Resources */ = {isa = PBXBuildFile; fileRef = 5AA8195720EB0329008829CF /* Assets.xcassets */; };
		5AA8196C20EB04F4008829CF /* MotionManager.swift in Sources */ = {isa = PBXBuildFile; fileRef = 5AA8196B20EB04F4008829CF /* MotionManager.swift */; };
/* End PBXBuildFile section */

/* Begin PBXContainerItemProxy section */
		5AA8193520EB0328008829CF /* PBXContainerItemProxy */ = {
			isa = PBXContainerItemProxy;
			containerPortal = 5AA8191820EB0327008829CF /* Project object */;
			proxyType = 1;
			remoteGlobalIDString = 5AA8191F20EB0327008829CF;
			remoteInfo = CoMotion;
		};
		5AA8193F20EB0328008829CF /* PBXContainerItemProxy */ = {
			isa = PBXContainerItemProxy;
			containerPortal = 5AA8191820EB0327008829CF /* Project object */;
			proxyType = 1;
			remoteGlobalIDString = 5AA8193C20EB0328008829CF;
			remoteInfo = "CoMotion WatchKit App";
		};
		5AA8194E20EB0329008829CF /* PBXContainerItemProxy */ = {
			isa = PBXContainerItemProxy;
			containerPortal = 5AA8191820EB0327008829CF /* Project object */;
			proxyType = 1;
			remoteGlobalIDString = 5AA8194B20EB0329008829CF;
			remoteInfo = "CoMotion WatchKit Extension";
		};
/* End PBXContainerItemProxy section */

/* Begin PBXCopyFilesBuildPhase section */
		5AA8196020EB0329008829CF /* Embed App Extensions */ = {
			isa = PBXCopyFilesBuildPhase;
			buildActionMask = 2147483647;
			dstPath = "";
			dstSubfolderSpec = 13;
			files = (
				5AA8194D20EB0329008829CF /* CoMotion WatchKit Extension.appex in Embed App Extensions */,
			);
			name = "Embed App Extensions";
			runOnlyForDeploymentPostprocessing = 0;
		};
		5AA8196420EB0329008829CF /* Embed Watch Content */ = {
			isa = PBXCopyFilesBuildPhase;
			buildActionMask = 2147483647;
			dstPath = "$(CONTENTS_FOLDER_PATH)/Watch";
			dstSubfolderSpec = 16;
			files = (
				5AA8193E20EB0328008829CF /* CoMotion WatchKit App.app in Embed Watch Content */,
			);
			name = "Embed Watch Content";
			runOnlyForDeploymentPostprocessing = 0;
		};
/* End PBXCopyFilesBuildPhase section */

/* Begin PBXFileReference section */
		5A03518320EBD54A001343E9 /* ConnectivityManager.swift */ = {isa = PBXFileReference; lastKnownFileType = sourcecode.swift; path = ConnectivityManager.swift; sourceTree = "<group>"; };
		5A03518D20EC04DC001343E9 /* CMDeviceMotion+DictionaryValue.swift */ = {isa = PBXFileReference; lastKnownFileType = sourcecode.swift; path = "CMDeviceMotion+DictionaryValue.swift"; sourceTree = "<group>"; };
		5A13D80820FD798100CCEBD5 /* ListInteractor.swift */ = {isa = PBXFileReference; lastKnownFileType = sourcecode.swift; path = ListInteractor.swift; sourceTree = "<group>"; };
		5A13D80C20FD7A4D00CCEBD5 /* Motion.swift */ = {isa = PBXFileReference; lastKnownFileType = sourcecode.swift; path = Motion.swift; sourceTree = "<group>"; };
		5A13D81220FE336D00CCEBD5 /* ListInteractorIO.swift */ = {isa = PBXFileReference; lastKnownFileType = sourcecode.swift; path = ListInteractorIO.swift; sourceTree = "<group>"; };
		5A5089602100D47800A11DD1 /* ListViewInterface.swift */ = {isa = PBXFileReference; lastKnownFileType = sourcecode.swift; path = ListViewInterface.swift; sourceTree = "<group>"; };
		5A5089632100D5FE00A11DD1 /* ListModuleInterface.swift */ = {isa = PBXFileReference; lastKnownFileType = sourcecode.swift; path = ListModuleInterface.swift; sourceTree = "<group>"; };
		5A87FDF320FF8CFE0011B20F /* AppDependencies.swift */ = {isa = PBXFileReference; lastKnownFileType = sourcecode.swift; path = AppDependencies.swift; sourceTree = "<group>"; };
		5A87FDF920FF98E50011B20F /* ListPresenter.swift */ = {isa = PBXFileReference; lastKnownFileType = sourcecode.swift; path = ListPresenter.swift; sourceTree = "<group>"; };
		5A87FDFB20FF99150011B20F /* ListWireframe.swift */ = {isa = PBXFileReference; lastKnownFileType = sourcecode.swift; path = ListWireframe.swift; sourceTree = "<group>"; };
		5A87FDFD20FF99200011B20F /* ListViewController.swift */ = {isa = PBXFileReference; lastKnownFileType = sourcecode.swift; path = ListViewController.swift; sourceTree = "<group>"; };
		5A87FE0220FF9EA40011B20F /* RootWireframe.swift */ = {isa = PBXFileReference; lastKnownFileType = sourcecode.swift; path = RootWireframe.swift; sourceTree = "<group>"; };
		5AA8192020EB0327008829CF /* CoMotion.app */ = {isa = PBXFileReference; explicitFileType = wrapper.application; includeInIndex = 0; path = CoMotion.app; sourceTree = BUILT_PRODUCTS_DIR; };
		5AA8192320EB0327008829CF /* AppDelegate.swift */ = {isa = PBXFileReference; lastKnownFileType = sourcecode.swift; path = AppDelegate.swift; sourceTree = "<group>"; };
		5AA8192820EB0327008829CF /* Base */ = {isa = PBXFileReference; lastKnownFileType = file.storyboard; name = Base; path = Base.lproj/Main.storyboard; sourceTree = "<group>"; };
		5AA8192A20EB0328008829CF /* Assets.xcassets */ = {isa = PBXFileReference; lastKnownFileType = folder.assetcatalog; path = Assets.xcassets; sourceTree = "<group>"; };
		5AA8192D20EB0328008829CF /* Base */ = {isa = PBXFileReference; lastKnownFileType = file.storyboard; name = Base; path = Base.lproj/LaunchScreen.storyboard; sourceTree = "<group>"; };
		5AA8192F20EB0328008829CF /* Info.plist */ = {isa = PBXFileReference; lastKnownFileType = text.plist.xml; path = Info.plist; sourceTree = "<group>"; };
		5AA8193420EB0328008829CF /* CoMotionTests.xctest */ = {isa = PBXFileReference; explicitFileType = wrapper.cfbundle; includeInIndex = 0; path = CoMotionTests.xctest; sourceTree = BUILT_PRODUCTS_DIR; };
		5AA8193820EB0328008829CF /* CoMotionTests.swift */ = {isa = PBXFileReference; lastKnownFileType = sourcecode.swift; path = CoMotionTests.swift; sourceTree = "<group>"; };
		5AA8193A20EB0328008829CF /* Info.plist */ = {isa = PBXFileReference; lastKnownFileType = text.plist.xml; path = Info.plist; sourceTree = "<group>"; };
		5AA8193D20EB0328008829CF /* CoMotion WatchKit App.app */ = {isa = PBXFileReference; explicitFileType = wrapper.application; includeInIndex = 0; path = "CoMotion WatchKit App.app"; sourceTree = BUILT_PRODUCTS_DIR; };
		5AA8194320EB0328008829CF /* Base */ = {isa = PBXFileReference; lastKnownFileType = file.storyboard; name = Base; path = Base.lproj/Interface.storyboard; sourceTree = "<group>"; };
		5AA8194520EB0328008829CF /* Assets.xcassets */ = {isa = PBXFileReference; lastKnownFileType = folder.assetcatalog; path = Assets.xcassets; sourceTree = "<group>"; };
		5AA8194720EB0328008829CF /* Info.plist */ = {isa = PBXFileReference; lastKnownFileType = text.plist.xml; path = Info.plist; sourceTree = "<group>"; };
		5AA8194C20EB0329008829CF /* CoMotion WatchKit Extension.appex */ = {isa = PBXFileReference; explicitFileType = "wrapper.app-extension"; includeInIndex = 0; path = "CoMotion WatchKit Extension.appex"; sourceTree = BUILT_PRODUCTS_DIR; };
		5AA8195120EB0329008829CF /* InterfaceController.swift */ = {isa = PBXFileReference; lastKnownFileType = sourcecode.swift; path = InterfaceController.swift; sourceTree = "<group>"; };
		5AA8195320EB0329008829CF /* ExtensionDelegate.swift */ = {isa = PBXFileReference; lastKnownFileType = sourcecode.swift; path = ExtensionDelegate.swift; sourceTree = "<group>"; };
		5AA8195520EB0329008829CF /* NotificationController.swift */ = {isa = PBXFileReference; lastKnownFileType = sourcecode.swift; path = NotificationController.swift; sourceTree = "<group>"; };
		5AA8195720EB0329008829CF /* Assets.xcassets */ = {isa = PBXFileReference; lastKnownFileType = folder.assetcatalog; path = Assets.xcassets; sourceTree = "<group>"; };
		5AA8195920EB0329008829CF /* Info.plist */ = {isa = PBXFileReference; lastKnownFileType = text.plist.xml; path = Info.plist; sourceTree = "<group>"; };
		5AA8195A20EB0329008829CF /* PushNotificationPayload.apns */ = {isa = PBXFileReference; lastKnownFileType = text; path = PushNotificationPayload.apns; sourceTree = "<group>"; };
		5AA8196B20EB04F4008829CF /* MotionManager.swift */ = {isa = PBXFileReference; lastKnownFileType = sourcecode.swift; path = MotionManager.swift; sourceTree = "<group>"; };
/* End PBXFileReference section */

/* Begin PBXFrameworksBuildPhase section */
		5AA8191D20EB0327008829CF /* Frameworks */ = {
			isa = PBXFrameworksBuildPhase;
			buildActionMask = 2147483647;
			files = (
			);
			runOnlyForDeploymentPostprocessing = 0;
		};
		5AA8193120EB0328008829CF /* Frameworks */ = {
			isa = PBXFrameworksBuildPhase;
			buildActionMask = 2147483647;
			files = (
			);
			runOnlyForDeploymentPostprocessing = 0;
		};
		5AA8194920EB0329008829CF /* Frameworks */ = {
			isa = PBXFrameworksBuildPhase;
			buildActionMask = 2147483647;
			files = (
			);
			runOnlyForDeploymentPostprocessing = 0;
		};
/* End PBXFrameworksBuildPhase section */

/* Begin PBXGroup section */
		5A13D80320FD759F00CCEBD5 /* Classes */ = {
			isa = PBXGroup;
			children = (
				5A13D80A20FD7A3200CCEBD5 /* Common */,
				5A13D80420FD76AF00CCEBD5 /* Modules */,
				5AA8192320EB0327008829CF /* AppDelegate.swift */,
				5A87FDF320FF8CFE0011B20F /* AppDependencies.swift */,
			);
			path = Classes;
			sourceTree = "<group>";
		};
		5A13D80420FD76AF00CCEBD5 /* Modules */ = {
			isa = PBXGroup;
			children = (
				5A13D80520FD76E400CCEBD5 /* List */,
			);
			path = Modules;
			sourceTree = "<group>";
		};
		5A13D80520FD76E400CCEBD5 /* List */ = {
			isa = PBXGroup;
			children = (
				5A13D80620FD794700CCEBD5 /* Application Logic */,
				5A5089622100D5F100A11DD1 /* Module Interface */,
				5A87FDF520FF8E6A0011B20F /* User Interface */,
			);
			path = List;
			sourceTree = "<group>";
		};
		5A13D80620FD794700CCEBD5 /* Application Logic */ = {
			isa = PBXGroup;
			children = (
				5A13D80E20FE32AB00CCEBD5 /* Manager */,
				5A13D80720FD794E00CCEBD5 /* Interactor */,
			);
			path = "Application Logic";
			sourceTree = "<group>";
		};
		5A13D80720FD794E00CCEBD5 /* Interactor */ = {
			isa = PBXGroup;
			children = (
				5A13D80820FD798100CCEBD5 /* ListInteractor.swift */,
				5A13D81220FE336D00CCEBD5 /* ListInteractorIO.swift */,
			);
			path = Interactor;
			sourceTree = "<group>";
		};
		5A13D80A20FD7A3200CCEBD5 /* Common */ = {
			isa = PBXGroup;
			children = (
				5A13D81020FE32E900CCEBD5 /* Extensions */,
				5A13D80B20FD7A3900CCEBD5 /* Entity */,
				5A87FE0120FF9E960011B20F /* View */,
			);
			path = Common;
			sourceTree = "<group>";
		};
		5A13D80B20FD7A3900CCEBD5 /* Entity */ = {
			isa = PBXGroup;
			children = (
				5A13D80C20FD7A4D00CCEBD5 /* Motion.swift */,
			);
			path = Entity;
			sourceTree = "<group>";
		};
		5A13D80E20FE32AB00CCEBD5 /* Manager */ = {
			isa = PBXGroup;
			children = (
				5A03518320EBD54A001343E9 /* ConnectivityManager.swift */,
				5AA8196B20EB04F4008829CF /* MotionManager.swift */,
			);
			path = Manager;
			sourceTree = "<group>";
		};
		5A13D81020FE32E900CCEBD5 /* Extensions */ = {
			isa = PBXGroup;
			children = (
				5A03518D20EC04DC001343E9 /* CMDeviceMotion+DictionaryValue.swift */,
			);
			path = Extensions;
			sourceTree = "<group>";
		};
		5A5089622100D5F100A11DD1 /* Module Interface */ = {
			isa = PBXGroup;
			children = (
				5A5089632100D5FE00A11DD1 /* ListModuleInterface.swift */,
			);
			path = "Module Interface";
			sourceTree = "<group>";
		};
		5A87FDF520FF8E6A0011B20F /* User Interface */ = {
			isa = PBXGroup;
			children = (
				5A87FDF620FF8E750011B20F /* Presenter */,
				5A87FDF720FF98CD0011B20F /* View */,
				5A87FDF820FF98D20011B20F /* Wireframe */,
			);
			path = "User Interface";
			sourceTree = "<group>";
		};
		5A87FDF620FF8E750011B20F /* Presenter */ = {
			isa = PBXGroup;
			children = (
				5A87FDF920FF98E50011B20F /* ListPresenter.swift */,
			);
			path = Presenter;
			sourceTree = "<group>";
		};
		5A87FDF720FF98CD0011B20F /* View */ = {
			isa = PBXGroup;
			children = (
				5A87FDFD20FF99200011B20F /* ListViewController.swift */,
				5A5089602100D47800A11DD1 /* ListViewInterface.swift */,
			);
			path = View;
			sourceTree = "<group>";
		};
		5A87FDF820FF98D20011B20F /* Wireframe */ = {
			isa = PBXGroup;
			children = (
				5A87FDFB20FF99150011B20F /* ListWireframe.swift */,
			);
			path = Wireframe;
			sourceTree = "<group>";
		};
		5A87FDFF20FF99370011B20F /* Resources */ = {
			isa = PBXGroup;
			children = (
				5AA8192720EB0327008829CF /* Main.storyboard */,
				5AA8192A20EB0328008829CF /* Assets.xcassets */,
				5AA8192C20EB0328008829CF /* LaunchScreen.storyboard */,
			);
			path = Resources;
			sourceTree = "<group>";
		};
		5A87FE0020FF99400011B20F /* Supporting Files */ = {
			isa = PBXGroup;
			children = (
				5AA8192F20EB0328008829CF /* Info.plist */,
			);
			path = "Supporting Files";
			sourceTree = "<group>";
		};
		5A87FE0120FF9E960011B20F /* View */ = {
			isa = PBXGroup;
			children = (
				5A87FE0220FF9EA40011B20F /* RootWireframe.swift */,
			);
			path = View;
			sourceTree = "<group>";
		};
		5AA8191720EB0327008829CF = {
			isa = PBXGroup;
			children = (
				5AA8192220EB0327008829CF /* CoMotion */,
				5AA8193720EB0328008829CF /* CoMotionTests */,
				5AA8194120EB0328008829CF /* CoMotion WatchKit App */,
				5AA8195020EB0329008829CF /* CoMotion WatchKit Extension */,
				5AA8192120EB0327008829CF /* Products */,
			);
			sourceTree = "<group>";
		};
		5AA8192120EB0327008829CF /* Products */ = {
			isa = PBXGroup;
			children = (
				5AA8192020EB0327008829CF /* CoMotion.app */,
				5AA8193420EB0328008829CF /* CoMotionTests.xctest */,
				5AA8193D20EB0328008829CF /* CoMotion WatchKit App.app */,
				5AA8194C20EB0329008829CF /* CoMotion WatchKit Extension.appex */,
			);
			name = Products;
			sourceTree = "<group>";
		};
		5AA8192220EB0327008829CF /* CoMotion */ = {
			isa = PBXGroup;
			children = (
				5A13D80320FD759F00CCEBD5 /* Classes */,
				5A87FDFF20FF99370011B20F /* Resources */,
				5A87FE0020FF99400011B20F /* Supporting Files */,
			);
			path = CoMotion;
			sourceTree = "<group>";
		};
		5AA8193720EB0328008829CF /* CoMotionTests */ = {
			isa = PBXGroup;
			children = (
				5AA8193820EB0328008829CF /* CoMotionTests.swift */,
				5AA8193A20EB0328008829CF /* Info.plist */,
			);
			path = CoMotionTests;
			sourceTree = "<group>";
		};
		5AA8194120EB0328008829CF /* CoMotion WatchKit App */ = {
			isa = PBXGroup;
			children = (
				5AA8194220EB0328008829CF /* Interface.storyboard */,
				5AA8194520EB0328008829CF /* Assets.xcassets */,
				5AA8194720EB0328008829CF /* Info.plist */,
			);
			path = "CoMotion WatchKit App";
			sourceTree = "<group>";
		};
		5AA8195020EB0329008829CF /* CoMotion WatchKit Extension */ = {
			isa = PBXGroup;
			children = (
				5AA8195120EB0329008829CF /* InterfaceController.swift */,
				5AA8195320EB0329008829CF /* ExtensionDelegate.swift */,
				5AA8195520EB0329008829CF /* NotificationController.swift */,
				5AA8195720EB0329008829CF /* Assets.xcassets */,
				5AA8195920EB0329008829CF /* Info.plist */,
				5AA8195A20EB0329008829CF /* PushNotificationPayload.apns */,
			);
			path = "CoMotion WatchKit Extension";
			sourceTree = "<group>";
		};
/* End PBXGroup section */

/* Begin PBXNativeTarget section */
		5AA8191F20EB0327008829CF /* CoMotion */ = {
			isa = PBXNativeTarget;
			buildConfigurationList = 5AA8196520EB0329008829CF /* Build configuration list for PBXNativeTarget "CoMotion" */;
			buildPhases = (
				5AA8191C20EB0327008829CF /* Sources */,
				5AA8191D20EB0327008829CF /* Frameworks */,
				5AA8191E20EB0327008829CF /* Resources */,
				5AA8196420EB0329008829CF /* Embed Watch Content */,
			);
			buildRules = (
			);
			dependencies = (
				5AA8194020EB0328008829CF /* PBXTargetDependency */,
			);
			name = CoMotion;
			productName = CoMotion;
			productReference = 5AA8192020EB0327008829CF /* CoMotion.app */;
			productType = "com.apple.product-type.application";
		};
		5AA8193320EB0328008829CF /* CoMotionTests */ = {
			isa = PBXNativeTarget;
			buildConfigurationList = 5AA8196820EB0329008829CF /* Build configuration list for PBXNativeTarget "CoMotionTests" */;
			buildPhases = (
				5AA8193020EB0328008829CF /* Sources */,
				5AA8193120EB0328008829CF /* Frameworks */,
				5AA8193220EB0328008829CF /* Resources */,
			);
			buildRules = (
			);
			dependencies = (
				5AA8193620EB0328008829CF /* PBXTargetDependency */,
			);
			name = CoMotionTests;
			productName = CoMotionTests;
			productReference = 5AA8193420EB0328008829CF /* CoMotionTests.xctest */;
			productType = "com.apple.product-type.bundle.unit-test";
		};
		5AA8193C20EB0328008829CF /* CoMotion WatchKit App */ = {
			isa = PBXNativeTarget;
			buildConfigurationList = 5AA8196120EB0329008829CF /* Build configuration list for PBXNativeTarget "CoMotion WatchKit App" */;
			buildPhases = (
				5AA8193B20EB0328008829CF /* Resources */,
				5AA8196020EB0329008829CF /* Embed App Extensions */,
			);
			buildRules = (
			);
			dependencies = (
				5AA8194F20EB0329008829CF /* PBXTargetDependency */,
			);
			name = "CoMotion WatchKit App";
			productName = "CoMotion WatchKit App";
			productReference = 5AA8193D20EB0328008829CF /* CoMotion WatchKit App.app */;
			productType = "com.apple.product-type.application.watchapp2";
		};
		5AA8194B20EB0329008829CF /* CoMotion WatchKit Extension */ = {
			isa = PBXNativeTarget;
			buildConfigurationList = 5AA8195D20EB0329008829CF /* Build configuration list for PBXNativeTarget "CoMotion WatchKit Extension" */;
			buildPhases = (
				5AA8194820EB0329008829CF /* Sources */,
				5AA8194920EB0329008829CF /* Frameworks */,
				5AA8194A20EB0329008829CF /* Resources */,
			);
			buildRules = (
			);
			dependencies = (
			);
			name = "CoMotion WatchKit Extension";
			productName = "CoMotion WatchKit Extension";
			productReference = 5AA8194C20EB0329008829CF /* CoMotion WatchKit Extension.appex */;
			productType = "com.apple.product-type.watchkit2-extension";
		};
/* End PBXNativeTarget section */

/* Begin PBXProject section */
		5AA8191820EB0327008829CF /* Project object */ = {
			isa = PBXProject;
			attributes = {
				LastSwiftUpdateCheck = 0940;
				LastUpgradeCheck = 0940;
				ORGANIZATIONNAME = "Yoon, Kyle";
				TargetAttributes = {
					5AA8191F20EB0327008829CF = {
						CreatedOnToolsVersion = 9.4.1;
					};
					5AA8193320EB0328008829CF = {
						CreatedOnToolsVersion = 9.4.1;
						TestTargetID = 5AA8191F20EB0327008829CF;
					};
					5AA8193C20EB0328008829CF = {
						CreatedOnToolsVersion = 9.4.1;
					};
					5AA8194B20EB0329008829CF = {
						CreatedOnToolsVersion = 9.4.1;
					};
				};
			};
			buildConfigurationList = 5AA8191B20EB0327008829CF /* Build configuration list for PBXProject "CoMotion" */;
			compatibilityVersion = "Xcode 9.3";
			developmentRegion = en;
			hasScannedForEncodings = 0;
			knownRegions = (
				en,
				Base,
			);
			mainGroup = 5AA8191720EB0327008829CF;
			productRefGroup = 5AA8192120EB0327008829CF /* Products */;
			projectDirPath = "";
			projectRoot = "";
			targets = (
				5AA8191F20EB0327008829CF /* CoMotion */,
				5AA8193320EB0328008829CF /* CoMotionTests */,
				5AA8193C20EB0328008829CF /* CoMotion WatchKit App */,
				5AA8194B20EB0329008829CF /* CoMotion WatchKit Extension */,
			);
		};
/* End PBXProject section */

/* Begin PBXResourcesBuildPhase section */
		5AA8191E20EB0327008829CF /* Resources */ = {
			isa = PBXResourcesBuildPhase;
			buildActionMask = 2147483647;
			files = (
				5A5089652100DDB000A11DD1 /* Info.plist in Resources */,
				5AA8192E20EB0328008829CF /* LaunchScreen.storyboard in Resources */,
				5AA8192B20EB0328008829CF /* Assets.xcassets in Resources */,
				5AA8192920EB0327008829CF /* Main.storyboard in Resources */,
			);
			runOnlyForDeploymentPostprocessing = 0;
		};
		5AA8193220EB0328008829CF /* Resources */ = {
			isa = PBXResourcesBuildPhase;
			buildActionMask = 2147483647;
			files = (
			);
			runOnlyForDeploymentPostprocessing = 0;
		};
		5AA8193B20EB0328008829CF /* Resources */ = {
			isa = PBXResourcesBuildPhase;
			buildActionMask = 2147483647;
			files = (
				5AA8194620EB0328008829CF /* Assets.xcassets in Resources */,
				5AA8194420EB0328008829CF /* Interface.storyboard in Resources */,
			);
			runOnlyForDeploymentPostprocessing = 0;
		};
		5AA8194A20EB0329008829CF /* Resources */ = {
			isa = PBXResourcesBuildPhase;
			buildActionMask = 2147483647;
			files = (
				5AA8195820EB0329008829CF /* Assets.xcassets in Resources */,
			);
			runOnlyForDeploymentPostprocessing = 0;
		};
/* End PBXResourcesBuildPhase section */

/* Begin PBXSourcesBuildPhase section */
		5AA8191C20EB0327008829CF /* Sources */ = {
			isa = PBXSourcesBuildPhase;
			buildActionMask = 2147483647;
			files = (
				5A87FDFA20FF98E50011B20F /* ListPresenter.swift in Sources */,
				5A13D81320FE336D00CCEBD5 /* ListInteractorIO.swift in Sources */,
				5A87FDFE20FF99200011B20F /* ListViewController.swift in Sources */,
				5A5089612100D47800A11DD1 /* ListViewInterface.swift in Sources */,
				5A03518920EBD9DF001343E9 /* ConnectivityManager.swift in Sources */,
				5A13D80F20FE32C200CCEBD5 /* MotionManager.swift in Sources */,
				5A13D80920FD798100CCEBD5 /* ListInteractor.swift in Sources */,
				5A13D80D20FD7A4D00CCEBD5 /* Motion.swift in Sources */,
				5A87FDF420FF8CFF0011B20F /* AppDependencies.swift in Sources */,
				5A87FE0320FF9EA40011B20F /* RootWireframe.swift in Sources */,
				5A87FDFC20FF99150011B20F /* ListWireframe.swift in Sources */,
				5A13D81120FE330100CCEBD5 /* CMDeviceMotion+DictionaryValue.swift in Sources */,
				5AA8192420EB0327008829CF /* AppDelegate.swift in Sources */,
				5A5089642100D5FE00A11DD1 /* ListModuleInterface.swift in Sources */,
			);
			runOnlyForDeploymentPostprocessing = 0;
		};
		5AA8193020EB0328008829CF /* Sources */ = {
			isa = PBXSourcesBuildPhase;
			buildActionMask = 2147483647;
			files = (
				5AA8193920EB0328008829CF /* CoMotionTests.swift in Sources */,
			);
			runOnlyForDeploymentPostprocessing = 0;
		};
		5AA8194820EB0329008829CF /* Sources */ = {
			isa = PBXSourcesBuildPhase;
			buildActionMask = 2147483647;
			files = (
				5AA8195620EB0329008829CF /* NotificationController.swift in Sources */,
				5A03518420EBD54A001343E9 /* ConnectivityManager.swift in Sources */,
				5AA8195420EB0329008829CF /* ExtensionDelegate.swift in Sources */,
				5A13D81420FE3E9B00CCEBD5 /* CMDeviceMotion+DictionaryValue.swift in Sources */,
				5AA8195220EB0329008829CF /* InterfaceController.swift in Sources */,
				5A13D81520FE3E9D00CCEBD5 /* Motion.swift in Sources */,
				5AA8196C20EB04F4008829CF /* MotionManager.swift in Sources */,
			);
			runOnlyForDeploymentPostprocessing = 0;
		};
/* End PBXSourcesBuildPhase section */

/* Begin PBXTargetDependency section */
		5AA8193620EB0328008829CF /* PBXTargetDependency */ = {
			isa = PBXTargetDependency;
			target = 5AA8191F20EB0327008829CF /* CoMotion */;
			targetProxy = 5AA8193520EB0328008829CF /* PBXContainerItemProxy */;
		};
		5AA8194020EB0328008829CF /* PBXTargetDependency */ = {
			isa = PBXTargetDependency;
			target = 5AA8193C20EB0328008829CF /* CoMotion WatchKit App */;
			targetProxy = 5AA8193F20EB0328008829CF /* PBXContainerItemProxy */;
		};
		5AA8194F20EB0329008829CF /* PBXTargetDependency */ = {
			isa = PBXTargetDependency;
			target = 5AA8194B20EB0329008829CF /* CoMotion WatchKit Extension */;
			targetProxy = 5AA8194E20EB0329008829CF /* PBXContainerItemProxy */;
		};
/* End PBXTargetDependency section */

/* Begin PBXVariantGroup section */
		5AA8192720EB0327008829CF /* Main.storyboard */ = {
			isa = PBXVariantGroup;
			children = (
				5AA8192820EB0327008829CF /* Base */,
			);
			name = Main.storyboard;
			sourceTree = "<group>";
		};
		5AA8192C20EB0328008829CF /* LaunchScreen.storyboard */ = {
			isa = PBXVariantGroup;
			children = (
				5AA8192D20EB0328008829CF /* Base */,
			);
			name = LaunchScreen.storyboard;
			sourceTree = "<group>";
		};
		5AA8194220EB0328008829CF /* Interface.storyboard */ = {
			isa = PBXVariantGroup;
			children = (
				5AA8194320EB0328008829CF /* Base */,
			);
			name = Interface.storyboard;
			sourceTree = "<group>";
		};
/* End PBXVariantGroup section */

/* Begin XCBuildConfiguration section */
		5AA8195B20EB0329008829CF /* Debug */ = {
			isa = XCBuildConfiguration;
			buildSettings = {
				ALWAYS_SEARCH_USER_PATHS = NO;
				CLANG_ANALYZER_NONNULL = YES;
				CLANG_ANALYZER_NUMBER_OBJECT_CONVERSION = YES_AGGRESSIVE;
				CLANG_CXX_LANGUAGE_STANDARD = "gnu++14";
				CLANG_CXX_LIBRARY = "libc++";
				CLANG_ENABLE_MODULES = YES;
				CLANG_ENABLE_OBJC_ARC = YES;
				CLANG_ENABLE_OBJC_WEAK = YES;
				CLANG_WARN_BLOCK_CAPTURE_AUTORELEASING = YES;
				CLANG_WARN_BOOL_CONVERSION = YES;
				CLANG_WARN_COMMA = YES;
				CLANG_WARN_CONSTANT_CONVERSION = YES;
				CLANG_WARN_DEPRECATED_OBJC_IMPLEMENTATIONS = YES;
				CLANG_WARN_DIRECT_OBJC_ISA_USAGE = YES_ERROR;
				CLANG_WARN_DOCUMENTATION_COMMENTS = YES;
				CLANG_WARN_EMPTY_BODY = YES;
				CLANG_WARN_ENUM_CONVERSION = YES;
				CLANG_WARN_INFINITE_RECURSION = YES;
				CLANG_WARN_INT_CONVERSION = YES;
				CLANG_WARN_NON_LITERAL_NULL_CONVERSION = YES;
				CLANG_WARN_OBJC_IMPLICIT_RETAIN_SELF = YES;
				CLANG_WARN_OBJC_LITERAL_CONVERSION = YES;
				CLANG_WARN_OBJC_ROOT_CLASS = YES_ERROR;
				CLANG_WARN_RANGE_LOOP_ANALYSIS = YES;
				CLANG_WARN_STRICT_PROTOTYPES = YES;
				CLANG_WARN_SUSPICIOUS_MOVE = YES;
				CLANG_WARN_UNGUARDED_AVAILABILITY = YES_AGGRESSIVE;
				CLANG_WARN_UNREACHABLE_CODE = YES;
				CLANG_WARN__DUPLICATE_METHOD_MATCH = YES;
				CODE_SIGN_IDENTITY = "iPhone Developer";
				COPY_PHASE_STRIP = NO;
				DEBUG_INFORMATION_FORMAT = dwarf;
				ENABLE_STRICT_OBJC_MSGSEND = YES;
				ENABLE_TESTABILITY = YES;
				GCC_C_LANGUAGE_STANDARD = gnu11;
				GCC_DYNAMIC_NO_PIC = NO;
				GCC_NO_COMMON_BLOCKS = YES;
				GCC_OPTIMIZATION_LEVEL = 0;
				GCC_PREPROCESSOR_DEFINITIONS = (
					"DEBUG=1",
					"$(inherited)",
				);
				GCC_WARN_64_TO_32_BIT_CONVERSION = YES;
				GCC_WARN_ABOUT_RETURN_TYPE = YES_ERROR;
				GCC_WARN_UNDECLARED_SELECTOR = YES;
				GCC_WARN_UNINITIALIZED_AUTOS = YES_AGGRESSIVE;
				GCC_WARN_UNUSED_FUNCTION = YES;
				GCC_WARN_UNUSED_VARIABLE = YES;
				IPHONEOS_DEPLOYMENT_TARGET = 11.4;
				MTL_ENABLE_DEBUG_INFO = YES;
				ONLY_ACTIVE_ARCH = YES;
				SDKROOT = iphoneos;
				SWIFT_ACTIVE_COMPILATION_CONDITIONS = DEBUG;
				SWIFT_OPTIMIZATION_LEVEL = "-Onone";
			};
			name = Debug;
		};
		5AA8195C20EB0329008829CF /* Release */ = {
			isa = XCBuildConfiguration;
			buildSettings = {
				ALWAYS_SEARCH_USER_PATHS = NO;
				CLANG_ANALYZER_NONNULL = YES;
				CLANG_ANALYZER_NUMBER_OBJECT_CONVERSION = YES_AGGRESSIVE;
				CLANG_CXX_LANGUAGE_STANDARD = "gnu++14";
				CLANG_CXX_LIBRARY = "libc++";
				CLANG_ENABLE_MODULES = YES;
				CLANG_ENABLE_OBJC_ARC = YES;
				CLANG_ENABLE_OBJC_WEAK = YES;
				CLANG_WARN_BLOCK_CAPTURE_AUTORELEASING = YES;
				CLANG_WARN_BOOL_CONVERSION = YES;
				CLANG_WARN_COMMA = YES;
				CLANG_WARN_CONSTANT_CONVERSION = YES;
				CLANG_WARN_DEPRECATED_OBJC_IMPLEMENTATIONS = YES;
				CLANG_WARN_DIRECT_OBJC_ISA_USAGE = YES_ERROR;
				CLANG_WARN_DOCUMENTATION_COMMENTS = YES;
				CLANG_WARN_EMPTY_BODY = YES;
				CLANG_WARN_ENUM_CONVERSION = YES;
				CLANG_WARN_INFINITE_RECURSION = YES;
				CLANG_WARN_INT_CONVERSION = YES;
				CLANG_WARN_NON_LITERAL_NULL_CONVERSION = YES;
				CLANG_WARN_OBJC_IMPLICIT_RETAIN_SELF = YES;
				CLANG_WARN_OBJC_LITERAL_CONVERSION = YES;
				CLANG_WARN_OBJC_ROOT_CLASS = YES_ERROR;
				CLANG_WARN_RANGE_LOOP_ANALYSIS = YES;
				CLANG_WARN_STRICT_PROTOTYPES = YES;
				CLANG_WARN_SUSPICIOUS_MOVE = YES;
				CLANG_WARN_UNGUARDED_AVAILABILITY = YES_AGGRESSIVE;
				CLANG_WARN_UNREACHABLE_CODE = YES;
				CLANG_WARN__DUPLICATE_METHOD_MATCH = YES;
				CODE_SIGN_IDENTITY = "iPhone Developer";
				COPY_PHASE_STRIP = NO;
				DEBUG_INFORMATION_FORMAT = "dwarf-with-dsym";
				ENABLE_NS_ASSERTIONS = NO;
				ENABLE_STRICT_OBJC_MSGSEND = YES;
				GCC_C_LANGUAGE_STANDARD = gnu11;
				GCC_NO_COMMON_BLOCKS = YES;
				GCC_WARN_64_TO_32_BIT_CONVERSION = YES;
				GCC_WARN_ABOUT_RETURN_TYPE = YES_ERROR;
				GCC_WARN_UNDECLARED_SELECTOR = YES;
				GCC_WARN_UNINITIALIZED_AUTOS = YES_AGGRESSIVE;
				GCC_WARN_UNUSED_FUNCTION = YES;
				GCC_WARN_UNUSED_VARIABLE = YES;
				IPHONEOS_DEPLOYMENT_TARGET = 11.4;
				MTL_ENABLE_DEBUG_INFO = NO;
				SDKROOT = iphoneos;
				SWIFT_COMPILATION_MODE = wholemodule;
				SWIFT_OPTIMIZATION_LEVEL = "-O";
				VALIDATE_PRODUCT = YES;
			};
			name = Release;
		};
		5AA8195E20EB0329008829CF /* Debug */ = {
			isa = XCBuildConfiguration;
			buildSettings = {
				ASSETCATALOG_COMPILER_COMPLICATION_NAME = Complication;
				CODE_SIGN_STYLE = Automatic;
				DEVELOPMENT_TEAM = EG77NM7886;
				INFOPLIST_FILE = "CoMotion WatchKit Extension/Info.plist";
				LD_RUNPATH_SEARCH_PATHS = (
					"$(inherited)",
					"@executable_path/Frameworks",
					"@executable_path/../../Frameworks",
				);
				PRODUCT_BUNDLE_IDENTIFIER = apps.yoon.CoMotion.watchkitapp.watchkitextension;
				PRODUCT_NAME = "${TARGET_NAME}";
				SDKROOT = watchos;
				SKIP_INSTALL = YES;
				SWIFT_VERSION = 4.0;
				TARGETED_DEVICE_FAMILY = 4;
				WATCHOS_DEPLOYMENT_TARGET = 4.3;
			};
			name = Debug;
		};
		5AA8195F20EB0329008829CF /* Release */ = {
			isa = XCBuildConfiguration;
			buildSettings = {
				ASSETCATALOG_COMPILER_COMPLICATION_NAME = Complication;
				CODE_SIGN_STYLE = Automatic;
				DEVELOPMENT_TEAM = EG77NM7886;
				INFOPLIST_FILE = "CoMotion WatchKit Extension/Info.plist";
				LD_RUNPATH_SEARCH_PATHS = (
					"$(inherited)",
					"@executable_path/Frameworks",
					"@executable_path/../../Frameworks",
				);
				PRODUCT_BUNDLE_IDENTIFIER = apps.yoon.CoMotion.watchkitapp.watchkitextension;
				PRODUCT_NAME = "${TARGET_NAME}";
				SDKROOT = watchos;
				SKIP_INSTALL = YES;
				SWIFT_VERSION = 4.0;
				TARGETED_DEVICE_FAMILY = 4;
				WATCHOS_DEPLOYMENT_TARGET = 4.3;
			};
			name = Release;
		};
		5AA8196220EB0329008829CF /* Debug */ = {
			isa = XCBuildConfiguration;
			buildSettings = {
				ALWAYS_EMBED_SWIFT_STANDARD_LIBRARIES = YES;
				ASSETCATALOG_COMPILER_APPICON_NAME = AppIcon;
				CODE_SIGN_STYLE = Automatic;
				DEVELOPMENT_TEAM = EG77NM7886;
				IBSC_MODULE = CoMotion_WatchKit_Extension;
				INFOPLIST_FILE = "CoMotion WatchKit App/Info.plist";
				PRODUCT_BUNDLE_IDENTIFIER = apps.yoon.CoMotion.watchkitapp;
				PRODUCT_NAME = "$(TARGET_NAME)";
				SDKROOT = watchos;
				SKIP_INSTALL = YES;
				SWIFT_VERSION = 4.0;
				TARGETED_DEVICE_FAMILY = 4;
				WATCHOS_DEPLOYMENT_TARGET = 4.3;
			};
			name = Debug;
		};
		5AA8196320EB0329008829CF /* Release */ = {
			isa = XCBuildConfiguration;
			buildSettings = {
				ALWAYS_EMBED_SWIFT_STANDARD_LIBRARIES = YES;
				ASSETCATALOG_COMPILER_APPICON_NAME = AppIcon;
				CODE_SIGN_STYLE = Automatic;
				DEVELOPMENT_TEAM = EG77NM7886;
				IBSC_MODULE = CoMotion_WatchKit_Extension;
				INFOPLIST_FILE = "CoMotion WatchKit App/Info.plist";
				PRODUCT_BUNDLE_IDENTIFIER = apps.yoon.CoMotion.watchkitapp;
				PRODUCT_NAME = "$(TARGET_NAME)";
				SDKROOT = watchos;
				SKIP_INSTALL = YES;
				SWIFT_VERSION = 4.0;
				TARGETED_DEVICE_FAMILY = 4;
				WATCHOS_DEPLOYMENT_TARGET = 4.3;
			};
			name = Release;
		};
		5AA8196620EB0329008829CF /* Debug */ = {
			isa = XCBuildConfiguration;
			buildSettings = {
				ASSETCATALOG_COMPILER_APPICON_NAME = AppIcon;
				CODE_SIGN_STYLE = Automatic;
				DEVELOPMENT_TEAM = EG77NM7886;
				INFOPLIST_FILE = "CoMotion/Supporting Files/Info.plist";
				LD_RUNPATH_SEARCH_PATHS = (
					"$(inherited)",
					"@executable_path/Frameworks",
				);
				PRODUCT_BUNDLE_IDENTIFIER = apps.yoon.CoMotion;
				PRODUCT_NAME = "$(TARGET_NAME)";
				SWIFT_VERSION = 4.0;
				TARGETED_DEVICE_FAMILY = "1,2";
			};
			name = Debug;
		};
		5AA8196720EB0329008829CF /* Release */ = {
			isa = XCBuildConfiguration;
			buildSettings = {
				ASSETCATALOG_COMPILER_APPICON_NAME = AppIcon;
				CODE_SIGN_STYLE = Automatic;
				DEVELOPMENT_TEAM = EG77NM7886;
				INFOPLIST_FILE = "CoMotion/Supporting Files/Info.plist";
				LD_RUNPATH_SEARCH_PATHS = (
					"$(inherited)",
					"@executable_path/Frameworks",
				);
				PRODUCT_BUNDLE_IDENTIFIER = apps.yoon.CoMotion;
				PRODUCT_NAME = "$(TARGET_NAME)";
				SWIFT_VERSION = 4.0;
				TARGETED_DEVICE_FAMILY = "1,2";
			};
			name = Release;
		};
		5AA8196920EB0329008829CF /* Debug */ = {
			isa = XCBuildConfiguration;
			buildSettings = {
				ALWAYS_EMBED_SWIFT_STANDARD_LIBRARIES = YES;
				BUNDLE_LOADER = "$(TEST_HOST)";
				CODE_SIGN_STYLE = Automatic;
				INFOPLIST_FILE = CoMotionTests/Info.plist;
				LD_RUNPATH_SEARCH_PATHS = (
					"$(inherited)",
					"@executable_path/Frameworks",
					"@loader_path/Frameworks",
				);
				PRODUCT_BUNDLE_IDENTIFIER = apps.yoon.CoMotionTests;
				PRODUCT_NAME = "$(TARGET_NAME)";
				SWIFT_VERSION = 4.0;
				TARGETED_DEVICE_FAMILY = "1,2";
				TEST_HOST = "$(BUILT_PRODUCTS_DIR)/CoMotion.app/CoMotion";
			};
			name = Debug;
		};
		5AA8196A20EB0329008829CF /* Release */ = {
			isa = XCBuildConfiguration;
			buildSettings = {
				ALWAYS_EMBED_SWIFT_STANDARD_LIBRARIES = YES;
				BUNDLE_LOADER = "$(TEST_HOST)";
				CODE_SIGN_STYLE = Automatic;
				INFOPLIST_FILE = CoMotionTests/Info.plist;
				LD_RUNPATH_SEARCH_PATHS = (
					"$(inherited)",
					"@executable_path/Frameworks",
					"@loader_path/Frameworks",
				);
				PRODUCT_BUNDLE_IDENTIFIER = apps.yoon.CoMotionTests;
				PRODUCT_NAME = "$(TARGET_NAME)";
				SWIFT_VERSION = 4.0;
				TARGETED_DEVICE_FAMILY = "1,2";
				TEST_HOST = "$(BUILT_PRODUCTS_DIR)/CoMotion.app/CoMotion";
			};
			name = Release;
		};
/* End XCBuildConfiguration section */

/* Begin XCConfigurationList section */
		5AA8191B20EB0327008829CF /* Build configuration list for PBXProject "CoMotion" */ = {
			isa = XCConfigurationList;
			buildConfigurations = (
				5AA8195B20EB0329008829CF /* Debug */,
				5AA8195C20EB0329008829CF /* Release */,
			);
			defaultConfigurationIsVisible = 0;
			defaultConfigurationName = Release;
		};
		5AA8195D20EB0329008829CF /* Build configuration list for PBXNativeTarget "CoMotion WatchKit Extension" */ = {
			isa = XCConfigurationList;
			buildConfigurations = (
				5AA8195E20EB0329008829CF /* Debug */,
				5AA8195F20EB0329008829CF /* Release */,
			);
			defaultConfigurationIsVisible = 0;
			defaultConfigurationName = Release;
		};
		5AA8196120EB0329008829CF /* Build configuration list for PBXNativeTarget "CoMotion WatchKit App" */ = {
			isa = XCConfigurationList;
			buildConfigurations = (
				5AA8196220EB0329008829CF /* Debug */,
				5AA8196320EB0329008829CF /* Release */,
			);
			defaultConfigurationIsVisible = 0;
			defaultConfigurationName = Release;
		};
		5AA8196520EB0329008829CF /* Build configuration list for PBXNativeTarget "CoMotion" */ = {
			isa = XCConfigurationList;
			buildConfigurations = (
				5AA8196620EB0329008829CF /* Debug */,
				5AA8196720EB0329008829CF /* Release */,
			);
			defaultConfigurationIsVisible = 0;
			defaultConfigurationName = Release;
		};
		5AA8196820EB0329008829CF /* Build configuration list for PBXNativeTarget "CoMotionTests" */ = {
			isa = XCConfigurationList;
			buildConfigurations = (
				5AA8196920EB0329008829CF /* Debug */,
				5AA8196A20EB0329008829CF /* Release */,
			);
			defaultConfigurationIsVisible = 0;
			defaultConfigurationName = Release;
		};
/* End XCConfigurationList section */
	};
	rootObject = 5AA8191820EB0327008829CF /* Project object */;
}
